// !$*UTF8*$!
{
	archiveVersion = 1;
	classes = {
	};
	objectVersion = 46;
	objects = {

/* Begin PBXBuildFile section */
		813904DA1F78FA070084DEFF /* CodeTableCell.xib in Resources */ = {isa = PBXBuildFile; fileRef = 813904D91F78FA070084DEFF /* CodeTableCell.xib */; };
		813904DC1F78FA1B0084DEFF /* CodeTableCell.swift in Sources */ = {isa = PBXBuildFile; fileRef = 813904DB1F78FA1B0084DEFF /* CodeTableCell.swift */; };
		813904DE1F7916220084DEFF /* Country.swift in Sources */ = {isa = PBXBuildFile; fileRef = 813904DD1F7916220084DEFF /* Country.swift */; };
		813906E41F7916FC0084DEFF /* countryCodes.json in Resources */ = {isa = PBXBuildFile; fileRef = 813906E31F7916FC0084DEFF /* countryCodes.json */; };
		813908ED1F795ABF0084DEFF /* Simulator Screen Shot Sep 25, 2017, 4.13.05 PM.png in Resources */ = {isa = PBXBuildFile; fileRef = 813908EB1F795ABF0084DEFF /* Simulator Screen Shot Sep 25, 2017, 4.13.05 PM.png */; };
		813908EE1F795ABF0084DEFF /* Simulator Screen Shot Sep 25, 2017, 5.39.16 PM.png in Resources */ = {isa = PBXBuildFile; fileRef = 813908EC1F795ABF0084DEFF /* Simulator Screen Shot Sep 25, 2017, 5.39.16 PM.png */; };
		813908F11F795ACF0084DEFF /* Screen Shot 2017-09-25 at 4.11.49 PM.png in Resources */ = {isa = PBXBuildFile; fileRef = 813908EF1F795ACF0084DEFF /* Screen Shot 2017-09-25 at 4.11.49 PM.png */; };
		813908F21F795ACF0084DEFF /* Screen Shot 2017-09-25 at 4.12.36 PM.png in Resources */ = {isa = PBXBuildFile; fileRef = 813908F01F795ACF0084DEFF /* Screen Shot 2017-09-25 at 4.12.36 PM.png */; };
		81B4F3A71F77D98A008E8172 /* AppDelegate.swift in Sources */ = {isa = PBXBuildFile; fileRef = 81B4F3A61F77D98A008E8172 /* AppDelegate.swift */; };
		81B4F3A91F77D98A008E8172 /* ViewController.swift in Sources */ = {isa = PBXBuildFile; fileRef = 81B4F3A81F77D98A008E8172 /* ViewController.swift */; };
		81B4F3AC1F77D98A008E8172 /* Main.storyboard in Resources */ = {isa = PBXBuildFile; fileRef = 81B4F3AA1F77D98A008E8172 /* Main.storyboard */; };
		81B4F3AF1F77D98A008E8172 /* CountryPhoneCodePicker.xcdatamodeld in Sources */ = {isa = PBXBuildFile; fileRef = 81B4F3AD1F77D98A008E8172 /* CountryPhoneCodePicker.xcdatamodeld */; };
		81B4F3B11F77D98A008E8172 /* Assets.xcassets in Resources */ = {isa = PBXBuildFile; fileRef = 81B4F3B01F77D98A008E8172 /* Assets.xcassets */; };
		81B4F3B41F77D98A008E8172 /* LaunchScreen.storyboard in Resources */ = {isa = PBXBuildFile; fileRef = 81B4F3B21F77D98A008E8172 /* LaunchScreen.storyboard */; };
		81B4F3BE1F77D9DE008E8172 /* CountryCodeDropDown.swift in Sources */ = {isa = PBXBuildFile; fileRef = 81B4F3BD1F77D9DE008E8172 /* CountryCodeDropDown.swift */; };
		81B4F3C01F77D9E9008E8172 /* CountryCodeDropDown.xib in Resources */ = {isa = PBXBuildFile; fileRef = 81B4F3BF1F77D9E9008E8172 /* CountryCodeDropDown.xib */; };
		DF0517A823F4396B00D82F8E /* CountryCode.xcassets in Resources */ = {isa = PBXBuildFile; fileRef = DF0517A723F4396B00D82F8E /* CountryCode.xcassets */; };
		DF85F59D23F43E9300C72E17 /* CountryCode-Chtar.podspec in Resources */ = {isa = PBXBuildFile; fileRef = DF85F59C23F43E9300C72E17 /* CountryCode-Chtar.podspec */; };
/* End PBXBuildFile section */

/* Begin PBXFileReference section */
		813904D91F78FA070084DEFF /* CodeTableCell.xib */ = {isa = PBXFileReference; fileEncoding = 4; lastKnownFileType = file.xib; path = CodeTableCell.xib; sourceTree = "<group>"; };
		813904DB1F78FA1B0084DEFF /* CodeTableCell.swift */ = {isa = PBXFileReference; fileEncoding = 4; lastKnownFileType = sourcecode.swift; path = CodeTableCell.swift; sourceTree = "<group>"; };
		813904DD1F7916220084DEFF /* Country.swift */ = {isa = PBXFileReference; fileEncoding = 4; lastKnownFileType = sourcecode.swift; path = Country.swift; sourceTree = "<group>"; };
		813906E31F7916FC0084DEFF /* countryCodes.json */ = {isa = PBXFileReference; fileEncoding = 4; lastKnownFileType = text.json; path = countryCodes.json; sourceTree = "<group>"; };
		813908EB1F795ABF0084DEFF /* Simulator Screen Shot Sep 25, 2017, 4.13.05 PM.png */ = {isa = PBXFileReference; lastKnownFileType = image.png; path = "Simulator Screen Shot Sep 25, 2017, 4.13.05 PM.png"; sourceTree = "<group>"; };
		813908EC1F795ABF0084DEFF /* Simulator Screen Shot Sep 25, 2017, 5.39.16 PM.png */ = {isa = PBXFileReference; lastKnownFileType = image.png; path = "Simulator Screen Shot Sep 25, 2017, 5.39.16 PM.png"; sourceTree = "<group>"; };
		813908EF1F795ACF0084DEFF /* Screen Shot 2017-09-25 at 4.11.49 PM.png */ = {isa = PBXFileReference; lastKnownFileType = image.png; path = "Screen Shot 2017-09-25 at 4.11.49 PM.png"; sourceTree = "<group>"; };
		813908F01F795ACF0084DEFF /* Screen Shot 2017-09-25 at 4.12.36 PM.png */ = {isa = PBXFileReference; lastKnownFileType = image.png; path = "Screen Shot 2017-09-25 at 4.12.36 PM.png"; sourceTree = "<group>"; };
		81B4F3A31F77D98A008E8172 /* CountryPhoneCodePicker.app */ = {isa = PBXFileReference; explicitFileType = wrapper.application; includeInIndex = 0; path = CountryPhoneCodePicker.app; sourceTree = BUILT_PRODUCTS_DIR; };
		81B4F3A61F77D98A008E8172 /* AppDelegate.swift */ = {isa = PBXFileReference; lastKnownFileType = sourcecode.swift; path = AppDelegate.swift; sourceTree = "<group>"; };
		81B4F3A81F77D98A008E8172 /* ViewController.swift */ = {isa = PBXFileReference; lastKnownFileType = sourcecode.swift; path = ViewController.swift; sourceTree = "<group>"; };
		81B4F3AB1F77D98A008E8172 /* Base */ = {isa = PBXFileReference; lastKnownFileType = file.storyboard; name = Base; path = Base.lproj/Main.storyboard; sourceTree = "<group>"; };
		81B4F3AE1F77D98A008E8172 /* CountryPhoneCodePicker.xcdatamodel */ = {isa = PBXFileReference; lastKnownFileType = wrapper.xcdatamodel; path = CountryPhoneCodePicker.xcdatamodel; sourceTree = "<group>"; };
		81B4F3B01F77D98A008E8172 /* Assets.xcassets */ = {isa = PBXFileReference; lastKnownFileType = folder.assetcatalog; path = Assets.xcassets; sourceTree = "<group>"; };
		81B4F3B31F77D98A008E8172 /* Base */ = {isa = PBXFileReference; lastKnownFileType = file.storyboard; name = Base; path = Base.lproj/LaunchScreen.storyboard; sourceTree = "<group>"; };
		81B4F3B51F77D98A008E8172 /* Info.plist */ = {isa = PBXFileReference; lastKnownFileType = text.plist.xml; path = Info.plist; sourceTree = "<group>"; };
		81B4F3BD1F77D9DE008E8172 /* CountryCodeDropDown.swift */ = {isa = PBXFileReference; fileEncoding = 4; lastKnownFileType = sourcecode.swift; path = CountryCodeDropDown.swift; sourceTree = "<group>"; };
		81B4F3BF1F77D9E9008E8172 /* CountryCodeDropDown.xib */ = {isa = PBXFileReference; fileEncoding = 4; lastKnownFileType = file.xib; path = CountryCodeDropDown.xib; sourceTree = "<group>"; };
		DF0517A723F4396B00D82F8E /* CountryCode.xcassets */ = {isa = PBXFileReference; lastKnownFileType = folder.assetcatalog; path = CountryCode.xcassets; sourceTree = "<group>"; };
		DF85F59C23F43E9300C72E17 /* CountryCode-Chtar.podspec */ = {isa = PBXFileReference; fileEncoding = 4; lastKnownFileType = text; path = "CountryCode-Chtar.podspec"; sourceTree = "<group>"; };
/* End PBXFileReference section */

/* Begin PBXFrameworksBuildPhase section */
		81B4F3A01F77D98A008E8172 /* Frameworks */ = {
			isa = PBXFrameworksBuildPhase;
			buildActionMask = 2147483647;
			files = (
			);
			runOnlyForDeploymentPostprocessing = 0;
		};
/* End PBXFrameworksBuildPhase section */

/* Begin PBXGroup section */
		813908F31F795AEC0084DEFF /* screen shot  */ = {
			isa = PBXGroup;
			children = (
				813908EF1F795ACF0084DEFF /* Screen Shot 2017-09-25 at 4.11.49 PM.png */,
				813908F01F795ACF0084DEFF /* Screen Shot 2017-09-25 at 4.12.36 PM.png */,
				813908EB1F795ABF0084DEFF /* Simulator Screen Shot Sep 25, 2017, 4.13.05 PM.png */,
				813908EC1F795ABF0084DEFF /* Simulator Screen Shot Sep 25, 2017, 5.39.16 PM.png */,
			);
			name = "screen shot ";
			sourceTree = "<group>";
		};
		81B4F39A1F77D98A008E8172 = {
			isa = PBXGroup;
			children = (
				DF85F59C23F43E9300C72E17 /* CountryCode-Chtar.podspec */,
				813908F31F795AEC0084DEFF /* screen shot  */,
				81B4F3BC1F77D998008E8172 /* CountryCode */,
				81B4F3A51F77D98A008E8172 /* CountryPhoneCodePicker */,
				81B4F3A41F77D98A008E8172 /* Products */,
			);
			sourceTree = "<group>";
		};
		81B4F3A41F77D98A008E8172 /* Products */ = {
			isa = PBXGroup;
			children = (
				81B4F3A31F77D98A008E8172 /* CountryPhoneCodePicker.app */,
			);
			name = Products;
			sourceTree = "<group>";
		};
		81B4F3A51F77D98A008E8172 /* CountryPhoneCodePicker */ = {
			isa = PBXGroup;
			children = (
				81B4F3A61F77D98A008E8172 /* AppDelegate.swift */,
				81B4F3A81F77D98A008E8172 /* ViewController.swift */,
				81B4F3AA1F77D98A008E8172 /* Main.storyboard */,
				81B4F3B01F77D98A008E8172 /* Assets.xcassets */,
				81B4F3B21F77D98A008E8172 /* LaunchScreen.storyboard */,
				81B4F3B51F77D98A008E8172 /* Info.plist */,
				81B4F3AD1F77D98A008E8172 /* CountryPhoneCodePicker.xcdatamodeld */,
			);
			path = CountryPhoneCodePicker;
			sourceTree = "<group>";
		};
		81B4F3BC1F77D998008E8172 /* CountryCode */ = {
			isa = PBXGroup;
			children = (
				813906E31F7916FC0084DEFF /* countryCodes.json */,
				81B4F3BD1F77D9DE008E8172 /* CountryCodeDropDown.swift */,
				81B4F3BF1F77D9E9008E8172 /* CountryCodeDropDown.xib */,
				813904D91F78FA070084DEFF /* CodeTableCell.xib */,
				813904DB1F78FA1B0084DEFF /* CodeTableCell.swift */,
				813904DD1F7916220084DEFF /* Country.swift */,
				DF0517A723F4396B00D82F8E /* CountryCode.xcassets */,
			);
			name = CountryCode;
			sourceTree = "<group>";
		};
/* End PBXGroup section */

/* Begin PBXNativeTarget section */
		81B4F3A21F77D98A008E8172 /* CountryPhoneCodePicker */ = {
			isa = PBXNativeTarget;
			buildConfigurationList = 81B4F3B81F77D98A008E8172 /* Build configuration list for PBXNativeTarget "CountryPhoneCodePicker" */;
			buildPhases = (
				81B4F39F1F77D98A008E8172 /* Sources */,
				81B4F3A01F77D98A008E8172 /* Frameworks */,
				81B4F3A11F77D98A008E8172 /* Resources */,
			);
			buildRules = (
			);
			dependencies = (
			);
			name = CountryPhoneCodePicker;
			productName = CountryPhoneCodePicker;
			productReference = 81B4F3A31F77D98A008E8172 /* CountryPhoneCodePicker.app */;
			productType = "com.apple.product-type.application";
		};
/* End PBXNativeTarget section */

/* Begin PBXProject section */
		81B4F39B1F77D98A008E8172 /* Project object */ = {
			isa = PBXProject;
			attributes = {
				LastSwiftUpdateCheck = 0820;
				LastUpgradeCheck = 0820;
				ORGANIZATIONNAME = "Ragaie alfy";
				TargetAttributes = {
					81B4F3A21F77D98A008E8172 = {
						CreatedOnToolsVersion = 8.2;
						DevelopmentTeam = 8Z3K9T9U74;
						LastSwiftMigration = 1010;
						ProvisioningStyle = Automatic;
					};
				};
			};
			buildConfigurationList = 81B4F39E1F77D98A008E8172 /* Build configuration list for PBXProject "CountryPhoneCodePicker" */;
			compatibilityVersion = "Xcode 3.2";
			developmentRegion = English;
			hasScannedForEncodings = 0;
			knownRegions = (
				English,
				en,
				Base,
			);
			mainGroup = 81B4F39A1F77D98A008E8172;
			productRefGroup = 81B4F3A41F77D98A008E8172 /* Products */;
			projectDirPath = "";
			projectRoot = "";
			targets = (
				81B4F3A21F77D98A008E8172 /* CountryPhoneCodePicker */,
			);
		};
/* End PBXProject section */

/* Begin PBXResourcesBuildPhase section */
		81B4F3A11F77D98A008E8172 /* Resources */ = {
			isa = PBXResourcesBuildPhase;
			buildActionMask = 2147483647;
			files = (
				813908ED1F795ABF0084DEFF /* Simulator Screen Shot Sep 25, 2017, 4.13.05 PM.png in Resources */,
				813908F21F795ACF0084DEFF /* Screen Shot 2017-09-25 at 4.12.36 PM.png in Resources */,
				81B4F3B41F77D98A008E8172 /* LaunchScreen.storyboard in Resources */,
				813908F11F795ACF0084DEFF /* Screen Shot 2017-09-25 at 4.11.49 PM.png in Resources */,
				81B4F3C01F77D9E9008E8172 /* CountryCodeDropDown.xib in Resources */,
				81B4F3B11F77D98A008E8172 /* Assets.xcassets in Resources */,
				813904DA1F78FA070084DEFF /* CodeTableCell.xib in Resources */,
				DF0517A823F4396B00D82F8E /* CountryCode.xcassets in Resources */,
				81B4F3AC1F77D98A008E8172 /* Main.storyboard in Resources */,
				813906E41F7916FC0084DEFF /* countryCodes.json in Resources */,
				813908EE1F795ABF0084DEFF /* Simulator Screen Shot Sep 25, 2017, 5.39.16 PM.png in Resources */,
				DF85F59D23F43E9300C72E17 /* CountryCode-Chtar.podspec in Resources */,
			);
			runOnlyForDeploymentPostprocessing = 0;
		};
/* End PBXResourcesBuildPhase section */

/* Begin PBXSourcesBuildPhase section */
		81B4F39F1F77D98A008E8172 /* Sources */ = {
			isa = PBXSourcesBuildPhase;
			buildActionMask = 2147483647;
			files = (
				81B4F3A91F77D98A008E8172 /* ViewController.swift in Sources */,
				81B4F3BE1F77D9DE008E8172 /* CountryCodeDropDown.swift in Sources */,
				81B4F3AF1F77D98A008E8172 /* CountryPhoneCodePicker.xcdatamodeld in Sources */,
				81B4F3A71F77D98A008E8172 /* AppDelegate.swift in Sources */,
				813904DE1F7916220084DEFF /* Country.swift in Sources */,
				813904DC1F78FA1B0084DEFF /* CodeTableCell.swift in Sources */,
			);
			runOnlyForDeploymentPostprocessing = 0;
		};
/* End PBXSourcesBuildPhase section */

/* Begin PBXVariantGroup section */
		81B4F3AA1F77D98A008E8172 /* Main.storyboard */ = {
			isa = PBXVariantGroup;
			children = (
				81B4F3AB1F77D98A008E8172 /* Base */,
			);
			name = Main.storyboard;
			sourceTree = "<group>";
		};
		81B4F3B21F77D98A008E8172 /* LaunchScreen.storyboard */ = {
			isa = PBXVariantGroup;
			children = (
				81B4F3B31F77D98A008E8172 /* Base */,
			);
			name = LaunchScreen.storyboard;
			sourceTree = "<group>";
		};
/* End PBXVariantGroup section */

/* Begin XCBuildConfiguration section */
		81B4F3B61F77D98A008E8172 /* Debug */ = {
			isa = XCBuildConfiguration;
			buildSettings = {
				ALWAYS_SEARCH_USER_PATHS = NO;
				CLANG_ANALYZER_NONNULL = YES;
				CLANG_CXX_LANGUAGE_STANDARD = "gnu++0x";
				CLANG_CXX_LIBRARY = "libc++";
				CLANG_ENABLE_MODULES = YES;
				CLANG_ENABLE_OBJC_ARC = YES;
				CLANG_WARN_BOOL_CONVERSION = YES;
				CLANG_WARN_CONSTANT_CONVERSION = YES;
				CLANG_WARN_DIRECT_OBJC_ISA_USAGE = YES_ERROR;
				CLANG_WARN_DOCUMENTATION_COMMENTS = YES;
				CLANG_WARN_EMPTY_BODY = YES;
				CLANG_WARN_ENUM_CONVERSION = YES;
				CLANG_WARN_INFINITE_RECURSION = YES;
				CLANG_WARN_INT_CONVERSION = YES;
				CLANG_WARN_OBJC_ROOT_CLASS = YES_ERROR;
				CLANG_WARN_SUSPICIOUS_MOVE = YES;
				CLANG_WARN_UNREACHABLE_CODE = YES;
				CLANG_WARN__DUPLICATE_METHOD_MATCH = YES;
				"CODE_SIGN_IDENTITY[sdk=iphoneos*]" = "iPhone Developer";
				COPY_PHASE_STRIP = NO;
				DEBUG_INFORMATION_FORMAT = dwarf;
				ENABLE_STRICT_OBJC_MSGSEND = YES;
				ENABLE_TESTABILITY = YES;
				GCC_C_LANGUAGE_STANDARD = gnu99;
				GCC_DYNAMIC_NO_PIC = NO;
				GCC_NO_COMMON_BLOCKS = YES;
				GCC_OPTIMIZATION_LEVEL = 0;
				GCC_PREPROCESSOR_DEFINITIONS = (
					"DEBUG=1",
					"$(inherited)",
				);
				GCC_WARN_64_TO_32_BIT_CONVERSION = YES;
				GCC_WARN_ABOUT_RETURN_TYPE = YES_ERROR;
				GCC_WARN_UNDECLARED_SELECTOR = YES;
				GCC_WARN_UNINITIALIZED_AUTOS = YES_AGGRESSIVE;
				GCC_WARN_UNUSED_FUNCTION = YES;
				GCC_WARN_UNUSED_VARIABLE = YES;
				IPHONEOS_DEPLOYMENT_TARGET = 10.2;
				MTL_ENABLE_DEBUG_INFO = YES;
				ONLY_ACTIVE_ARCH = YES;
				SDKROOT = iphoneos;
				SWIFT_ACTIVE_COMPILATION_CONDITIONS = DEBUG;
				SWIFT_OPTIMIZATION_LEVEL = "-Onone";
				TARGETED_DEVICE_FAMILY = "1,2";
			};
			name = Debug;
		};
		81B4F3B71F77D98A008E8172 /* Release */ = {
			isa = XCBuildConfiguration;
			buildSettings = {
				ALWAYS_SEARCH_USER_PATHS = NO;
				CLANG_ANALYZER_NONNULL = YES;
				CLANG_CXX_LANGUAGE_STANDARD = "gnu++0x";
				CLANG_CXX_LIBRARY = "libc++";
				CLANG_ENABLE_MODULES = YES;
				CLANG_ENABLE_OBJC_ARC = YES;
				CLANG_WARN_BOOL_CONVERSION = YES;
				CLANG_WARN_CONSTANT_CONVERSION = YES;
				CLANG_WARN_DIRECT_OBJC_ISA_USAGE = YES_ERROR;
				CLANG_WARN_DOCUMENTATION_COMMENTS = YES;
				CLANG_WARN_EMPTY_BODY = YES;
				CLANG_WARN_ENUM_CONVERSION = YES;
				CLANG_WARN_INFINITE_RECURSION = YES;
				CLANG_WARN_INT_CONVERSION = YES;
				CLANG_WARN_OBJC_ROOT_CLASS = YES_ERROR;
				CLANG_WARN_SUSPICIOUS_MOVE = YES;
				CLANG_WARN_UNREACHABLE_CODE = YES;
				CLANG_WARN__DUPLICATE_METHOD_MATCH = YES;
				"CODE_SIGN_IDENTITY[sdk=iphoneos*]" = "iPhone Developer";
				COPY_PHASE_STRIP = NO;
				DEBUG_INFORMATION_FORMAT = "dwarf-with-dsym";
				ENABLE_NS_ASSERTIONS = NO;
				ENABLE_STRICT_OBJC_MSGSEND = YES;
				GCC_C_LANGUAGE_STANDARD = gnu99;
				GCC_NO_COMMON_BLOCKS = YES;
				GCC_WARN_64_TO_32_BIT_CONVERSION = YES;
				GCC_WARN_ABOUT_RETURN_TYPE = YES_ERROR;
				GCC_WARN_UNDECLARED_SELECTOR = YES;
				GCC_WARN_UNINITIALIZED_AUTOS = YES_AGGRESSIVE;
				GCC_WARN_UNUSED_FUNCTION = YES;
				GCC_WARN_UNUSED_VARIABLE = YES;
				IPHONEOS_DEPLOYMENT_TARGET = 10.2;
				MTL_ENABLE_DEBUG_INFO = NO;
				SDKROOT = iphoneos;
				SWIFT_OPTIMIZATION_LEVEL = "-Owholemodule";
				TARGETED_DEVICE_FAMILY = "1,2";
				VALIDATE_PRODUCT = YES;
			};
			name = Release;
		};
		81B4F3B91F77D98A008E8172 /* Debug */ = {
			isa = XCBuildConfiguration;
			buildSettings = {
				ASSETCATALOG_COMPILER_APPICON_NAME = AppIcon;
				DEVELOPMENT_TEAM = 8Z3K9T9U74;
				INFOPLIST_FILE = CountryPhoneCodePicker/Info.plist;
				LD_RUNPATH_SEARCH_PATHS = "$(inherited) @executable_path/Frameworks";
				PRODUCT_BUNDLE_IDENTIFIER = Chtar.CountryPhoneCodePicker;
				PRODUCT_NAME = "$(TARGET_NAME)";
				SWIFT_SWIFT3_OBJC_INFERENCE = On;
				SWIFT_VERSION = 4.2;
			};
			name = Debug;
		};
		81B4F3BA1F77D98A008E8172 /* Release */ = {
			isa = XCBuildConfiguration;
			buildSettings = {
				ASSETCATALOG_COMPILER_APPICON_NAME = AppIcon;
				DEVELOPMENT_TEAM = 8Z3K9T9U74;
				INFOPLIST_FILE = CountryPhoneCodePicker/Info.plist;
				LD_RUNPATH_SEARCH_PATHS = "$(inherited) @executable_path/Frameworks";
				PRODUCT_BUNDLE_IDENTIFIER = Chtar.CountryPhoneCodePicker;
				PRODUCT_NAME = "$(TARGET_NAME)";
				SWIFT_SWIFT3_OBJC_INFERENCE = On;
				SWIFT_VERSION = 4.2;
			};
			name = Release;
		};
/* End XCBuildConfiguration section */

/* Begin XCConfigurationList section */
		81B4F39E1F77D98A008E8172 /* Build configuration list for PBXProject "CountryPhoneCodePicker" */ = {
			isa = XCConfigurationList;
			buildConfigurations = (
				81B4F3B61F77D98A008E8172 /* Debug */,
				81B4F3B71F77D98A008E8172 /* Release */,
			);
			defaultConfigurationIsVisible = 0;
			defaultConfigurationName = Release;
		};
		81B4F3B81F77D98A008E8172 /* Build configuration list for PBXNativeTarget "CountryPhoneCodePicker" */ = {
			isa = XCConfigurationList;
			buildConfigurations = (
				81B4F3B91F77D98A008E8172 /* Debug */,
				81B4F3BA1F77D98A008E8172 /* Release */,
			);
			defaultConfigurationIsVisible = 0;
			defaultConfigurationName = Release;
		};
/* End XCConfigurationList section */

/* Begin XCVersionGroup section */
		81B4F3AD1F77D98A008E8172 /* CountryPhoneCodePicker.xcdatamodeld */ = {
			isa = XCVersionGroup;
			children = (
				81B4F3AE1F77D98A008E8172 /* CountryPhoneCodePicker.xcdatamodel */,
			);
			currentVersion = 81B4F3AE1F77D98A008E8172 /* CountryPhoneCodePicker.xcdatamodel */;
			path = CountryPhoneCodePicker.xcdatamodeld;
			sourceTree = "<group>";
			versionGroupType = wrapper.xcdatamodel;
		};
/* End XCVersionGroup section */
	};
	rootObject = 81B4F39B1F77D98A008E8172 /* Project object */;
}
